
Microsoft Visual Studio Solution File, Format Version 12.00
# Visual Studio Version 16
VisualStudioVersion = 16.0.30621.155
MinimumVisualStudioVersion = 10.0.40219.1
Project("{FAE04EC0-301F-11D3-BF4B-00C04F79EFBC}") = "ClassAndObject", "ClassAndObject.csproj", "{467AB746-7210-481B-8D51-113E2533D77E}"
EndProject
Global
	GlobalSection(SolutionConfigurationPlatforms) = preSolution
		Debug|Any CPU = Debug|Any CPU
		Release|Any CPU = Release|Any CPU
	EndGlobalSection
	GlobalSection(ProjectConfigurationPlatforms) = postSolution
		{467AB746-7210-481B-8D51-113E2533D77E}.Debug|Any CPU.ActiveCfg = Debug|Any CPU
		{467AB746-7210-481B-8D51-113E2533D77E}.Debug|Any CPU.Build.0 = Debug|Any CPU
		{467AB746-7210-481B-8D51-113E2533D77E}.Release|Any CPU.ActiveCfg = Release|Any CPU
		{467AB746-7210-481B-8D51-113E2533D77E}.Release|Any CPU.Build.0 = Release|Any CPU
	EndGlobalSection
	GlobalSection(SolutionProperties) = preSolution
		HideSolutionNode = FALSE
	EndGlobalSection
	GlobalSection(ExtensibilityGlobals) = postSolution
		SolutionGuid = {EC574D7E-5645-4B32-9254-6319E8E40A62}
	EndGlobalSection
EndGlobal
